
Microsoft Visual Studio Solution File, Format Version 12.00
# Visual Studio Version 17
VisualStudioVersion = 17.7.34024.191
MinimumVisualStudioVersion = 10.0.40219.1
Project("{FAE04EC0-301F-11D3-BF4B-00C04F79EFBC}") = "ejercicio04_lab5", "ejercicio04_lab5\ejercicio04_lab5.csproj", "{4500DDCA-91AE-4B6D-9F55-99B69295CF17}"
EndProject
Global
	GlobalSection(SolutionConfigurationPlatforms) = preSolution
		Debug|Any CPU = Debug|Any CPU
		Release|Any CPU = Release|Any CPU
	EndGlobalSection
	GlobalSection(ProjectConfigurationPlatforms) = postSolution
		{4500DDCA-91AE-4B6D-9F55-99B69295CF17}.Debug|Any CPU.ActiveCfg = Debug|Any CPU
		{4500DDCA-91AE-4B6D-9F55-99B69295CF17}.Debug|Any CPU.Build.0 = Debug|Any CPU
		{4500DDCA-91AE-4B6D-9F55-99B69295CF17}.Release|Any CPU.ActiveCfg = Release|Any CPU
		{4500DDCA-91AE-4B6D-9F55-99B69295CF17}.Release|Any CPU.Build.0 = Release|Any CPU
	EndGlobalSection
	GlobalSection(SolutionProperties) = preSolution
		HideSolutionNode = FALSE
	EndGlobalSection
	GlobalSection(ExtensibilityGlobals) = postSolution
		SolutionGuid = {A91350E1-D162-4471-87CB-9D95614A1292}
	EndGlobalSection
EndGlobal
